
Microsoft Visual Studio Solution File, Format Version 12.00
# Visual Studio Version 16
VisualStudioVersion = 16.0.31105.61
MinimumVisualStudioVersion = 10.0.40219.1
Project("{FAE04EC0-301F-11D3-BF4B-00C04F79EFBC}") = "GrandTextAdventure", "GrandTextAdventure\GrandTextAdventure.csproj", "{58970F8F-EDB8-4E6F-8AE7-8CB32A282A85}"
EndProject
Project("{FAE04EC0-301F-11D3-BF4B-00C04F79EFBC}") = "GrandTextAdventure.Core", "GrandTextAdventure.Core\GrandTextAdventure.Core.csproj", "{37268E4D-7D13-4DA8-A011-1781FAE780A1}"
EndProject
Global
	GlobalSection(SolutionConfigurationPlatforms) = preSolution
		Debug|Any CPU = Debug|Any CPU
		Release|Any CPU = Release|Any CPU
	EndGlobalSection
	GlobalSection(ProjectConfigurationPlatforms) = postSolution
		{58970F8F-EDB8-4E6F-8AE7-8CB32A282A85}.Debug|Any CPU.ActiveCfg = Debug|Any CPU
		{58970F8F-EDB8-4E6F-8AE7-8CB32A282A85}.Debug|Any CPU.Build.0 = Debug|Any CPU
		{58970F8F-EDB8-4E6F-8AE7-8CB32A282A85}.Release|Any CPU.ActiveCfg = Release|Any CPU
		{58970F8F-EDB8-4E6F-8AE7-8CB32A282A85}.Release|Any CPU.Build.0 = Release|Any CPU
		{37268E4D-7D13-4DA8-A011-1781FAE780A1}.Debug|Any CPU.ActiveCfg = Debug|Any CPU
		{37268E4D-7D13-4DA8-A011-1781FAE780A1}.Debug|Any CPU.Build.0 = Debug|Any CPU
		{37268E4D-7D13-4DA8-A011-1781FAE780A1}.Release|Any CPU.ActiveCfg = Release|Any CPU
		{37268E4D-7D13-4DA8-A011-1781FAE780A1}.Release|Any CPU.Build.0 = Release|Any CPU
	EndGlobalSection
	GlobalSection(SolutionProperties) = preSolution
		HideSolutionNode = FALSE
	EndGlobalSection
	GlobalSection(ExtensibilityGlobals) = postSolution
		SolutionGuid = {401ADFFB-CCD0-48D5-9202-608812851A12}
	EndGlobalSection
EndGlobal
